
Microsoft Visual Studio Solution File, Format Version 12.00
# Visual Studio Version 17
VisualStudioVersion = 17.14.36511.14 d17.14
MinimumVisualStudioVersion = 10.0.40219.1
Project("{FAE04EC0-301F-11D3-BF4B-00C04F79EFBC}") = "Caso 1 Inventario Rápido – Tienda “ElectroPlus”", "Caso 1 Inventario Rápido – Tienda “ElectroPlus”.csproj", "{6241438C-B52D-46AC-B134-5214B90CCD4F}"
EndProject
Global
	GlobalSection(SolutionConfigurationPlatforms) = preSolution
		Debug|Any CPU = Debug|Any CPU
		Release|Any CPU = Release|Any CPU
	EndGlobalSection
	GlobalSection(ProjectConfigurationPlatforms) = postSolution
		{6241438C-B52D-46AC-B134-5214B90CCD4F}.Debug|Any CPU.ActiveCfg = Debug|Any CPU
		{6241438C-B52D-46AC-B134-5214B90CCD4F}.Debug|Any CPU.Build.0 = Debug|Any CPU
		{6241438C-B52D-46AC-B134-5214B90CCD4F}.Release|Any CPU.ActiveCfg = Release|Any CPU
		{6241438C-B52D-46AC-B134-5214B90CCD4F}.Release|Any CPU.Build.0 = Release|Any CPU
	EndGlobalSection
	GlobalSection(SolutionProperties) = preSolution
		HideSolutionNode = FALSE
	EndGlobalSection
	GlobalSection(ExtensibilityGlobals) = postSolution
		SolutionGuid = {464D0F0A-6178-4EC2-8BDD-80ABF839346B}
	EndGlobalSection
EndGlobal
